// !$*UTF8*$!
{
	archiveVersion = 1;
	classes = {
	};
	objectVersion = 54;
	objects = {

/* Begin PBXBuildFile section */
		0C80B921A6F3F58F76C31292 /* libPods-mobile.a in Frameworks */ = {isa = PBXBuildFile; fileRef = 5DCACB8F33CDC322A6C60F78 /* libPods-mobile.a */; };
		13B07FBF1A68108700A75B9A /* Images.xcassets in Resources */ = {isa = PBXBuildFile; fileRef = 13B07FB51A68108700A75B9A /* Images.xcassets */; };
		761780ED2CA45674006654EE /* AppDelegate.swift in Sources */ = {isa = PBXBuildFile; fileRef = 761780EC2CA45674006654EE /* AppDelegate.swift */; };
		81AB9BB82411601600AC10FF /* LaunchScreen.storyboard in Resources */ = {isa = PBXBuildFile; fileRef = 81AB9BB72411601600AC10FF /* LaunchScreen.storyboard */; };
		9DBB8F08B9C04AAEA943DB0E /* BootSplash.storyboard in Resources */ = {isa = PBXBuildFile; fileRef = FDC999F6D47E4EA4BF9165A9 /* BootSplash.storyboard */; };
		F87AB02DDBC344C58E1548AE /* Colors.xcassets in Resources */ = {isa = PBXBuildFile; fileRef = 1E1474E979CD44A9AE55A211 /* Colors.xcassets */; };
		B8D985F03B624A7B8BB95916 /* Geologica-Black.ttf in Resources */ = {isa = PBXBuildFile; fileRef = 364256800FC444B4B14567FC /* Geologica-Black.ttf */; };
		F492986C2A8141BA8D7DAD9A /* Geologica-Bold.ttf in Resources */ = {isa = PBXBuildFile; fileRef = 611010A174F34E0CB9BA126B /* Geologica-Bold.ttf */; };
		1231B82F7ADD44B4A625C47F /* Geologica-ExtraBold.ttf in Resources */ = {isa = PBXBuildFile; fileRef = 6D3DE1E9863448C8866E9C1D /* Geologica-ExtraBold.ttf */; };
		F902425895FA49CBBE633011 /* Geologica-ExtraLight.ttf in Resources */ = {isa = PBXBuildFile; fileRef = DD3CC2D3361040A5B59A60C5 /* Geologica-ExtraLight.ttf */; };
		475FD733C1FA4CDC884EB0F8 /* Geologica-Light.ttf in Resources */ = {isa = PBXBuildFile; fileRef = AF879DA083374836B105F818 /* Geologica-Light.ttf */; };
		7AFF9349363B46708C48F871 /* Geologica-Medium.ttf in Resources */ = {isa = PBXBuildFile; fileRef = C61F799137414D51A2A6C8AA /* Geologica-Medium.ttf */; };
		7887630A67864D219DC0401B /* Geologica-Regular.ttf in Resources */ = {isa = PBXBuildFile; fileRef = 1E6BE35F6342478080BD340F /* Geologica-Regular.ttf */; };
		25E1ADCC3D394AD5866D8BEB /* Geologica-SemiBold.ttf in Resources */ = {isa = PBXBuildFile; fileRef = 1302E4D310984813A25EEC9A /* Geologica-SemiBold.ttf */; };
		AE83F85A6B7C4D6C9AF66D37 /* Geologica-Thin.ttf in Resources */ = {isa = PBXBuildFile; fileRef = 9613852D113D47DD95C3835F /* Geologica-Thin.ttf */; };
		2617322F15C1423F92C735AC /* Geologica_Cursive-Black.ttf in Resources */ = {isa = PBXBuildFile; fileRef = 702C5890DAD3489482D1D4A0 /* Geologica_Cursive-Black.ttf */; };
		9079DDA4BC5B42A6BAA442E8 /* Geologica_Cursive-Bold.ttf in Resources */ = {isa = PBXBuildFile; fileRef = 9996802EA05D4CFCB101F2DF /* Geologica_Cursive-Bold.ttf */; };
		7849F413412448E6959D20D4 /* Geologica_Cursive-ExtraBold.ttf in Resources */ = {isa = PBXBuildFile; fileRef = 844ED87B3594498A8E0B2797 /* Geologica_Cursive-ExtraBold.ttf */; };
		2F20B026324B4C6480E0FE44 /* Geologica_Cursive-ExtraLight.ttf in Resources */ = {isa = PBXBuildFile; fileRef = 5976A14266B74BE280C98378 /* Geologica_Cursive-ExtraLight.ttf */; };
		F1685E7869E14D47B6E22E15 /* Geologica_Cursive-Light.ttf in Resources */ = {isa = PBXBuildFile; fileRef = BF74AE3F3B9C441DAB137C4C /* Geologica_Cursive-Light.ttf */; };
		F8FAB6BD36034DC791DE60ED /* Geologica_Cursive-Medium.ttf in Resources */ = {isa = PBXBuildFile; fileRef = B9180B03623A46C6BB5221D0 /* Geologica_Cursive-Medium.ttf */; };
		C712D8DD015F4522A3BF5649 /* Geologica_Cursive-Regular.ttf in Resources */ = {isa = PBXBuildFile; fileRef = E716129CF6C44266BB11B5D6 /* Geologica_Cursive-Regular.ttf */; };
		2DC27C4632274538807E4863 /* Geologica_Cursive-SemiBold.ttf in Resources */ = {isa = PBXBuildFile; fileRef = 742B4DE6560C4430B9B5EB61 /* Geologica_Cursive-SemiBold.ttf */; };
		59F2A80F99794EBEB3B64967 /* Geologica_Cursive-Thin.ttf in Resources */ = {isa = PBXBuildFile; fileRef = 63A12BF63DBC4EBD90A3A8CE /* Geologica_Cursive-Thin.ttf */; };
		FAD212CCD59E473FAB22B01F /* icomoon.ttf in Resources */ = {isa = PBXBuildFile; fileRef = 7F29BD32EB124F5B97FE272A /* icomoon.ttf */; };
/* End PBXBuildFile section */

/* Begin PBXContainerItemProxy section */
		00E356F41AD99517003FC87E /* PBXContainerItemProxy */ = {
			isa = PBXContainerItemProxy;
			containerPortal = 83CBB9F71A601CBA00E9B192 /* Project object */;
			proxyType = 1;
			remoteGlobalIDString = 13B07F861A680F5B00A75B9A;
			remoteInfo = mobile;
		};
/* End PBXContainerItemProxy section */

/* Begin PBXFileReference section */
		00E356F11AD99517003FC87E /* Info.plist */ = {isa = PBXFileReference; lastKnownFileType = text.plist.xml; path = Info.plist; sourceTree = "<group>"; };
		13B07F961A680F5B00A75B9A /* mobile.app */ = {isa = PBXFileReference; explicitFileType = wrapper.application; includeInIndex = 0; path = mobile.app; sourceTree = BUILT_PRODUCTS_DIR; };
		13B07FB51A68108700A75B9A /* Images.xcassets */ = {isa = PBXFileReference; lastKnownFileType = folder.assetcatalog; name = Images.xcassets; path = mobile/Images.xcassets; sourceTree = "<group>"; };
		13B07FB61A68108700A75B9A /* Info.plist */ = {isa = PBXFileReference; fileEncoding = 4; lastKnownFileType = text.plist.xml; name = Info.plist; path = mobile/Info.plist; sourceTree = "<group>"; };
		13B07FB81A68108700A75B9A /* PrivacyInfo.xcprivacy */ = {isa = PBXFileReference; fileEncoding = 4; lastKnownFileType = text.plist.xml; name = PrivacyInfo.xcprivacy; path = mobile/PrivacyInfo.xcprivacy; sourceTree = "<group>"; };
		3B4392A12AC88292D35C810B /* Pods-mobile.debug.xcconfig */ = {isa = PBXFileReference; includeInIndex = 1; lastKnownFileType = text.xcconfig; name = "Pods-mobile.debug.xcconfig"; path = "Target Support Files/Pods-mobile/Pods-mobile.debug.xcconfig"; sourceTree = "<group>"; };
		5709B34CF0A7D63546082F79 /* Pods-mobile.release.xcconfig */ = {isa = PBXFileReference; includeInIndex = 1; lastKnownFileType = text.xcconfig; name = "Pods-mobile.release.xcconfig"; path = "Target Support Files/Pods-mobile/Pods-mobile.release.xcconfig"; sourceTree = "<group>"; };
		5DCACB8F33CDC322A6C60F78 /* libPods-mobile.a */ = {isa = PBXFileReference; explicitFileType = archive.ar; includeInIndex = 0; path = "libPods-mobile.a"; sourceTree = BUILT_PRODUCTS_DIR; };
		761780EC2CA45674006654EE /* AppDelegate.swift */ = {isa = PBXFileReference; lastKnownFileType = sourcecode.swift; name = AppDelegate.swift; path = mobile/AppDelegate.swift; sourceTree = "<group>"; };
		81AB9BB72411601600AC10FF /* LaunchScreen.storyboard */ = {isa = PBXFileReference; fileEncoding = 4; lastKnownFileType = file.storyboard; name = LaunchScreen.storyboard; path = mobile/LaunchScreen.storyboard; sourceTree = "<group>"; };
		ED297162215061F000B7C4FE /* JavaScriptCore.framework */ = {isa = PBXFileReference; lastKnownFileType = wrapper.framework; name = JavaScriptCore.framework; path = System/Library/Frameworks/JavaScriptCore.framework; sourceTree = SDKROOT; };
		FDC999F6D47E4EA4BF9165A9 /* BootSplash.storyboard */ = {isa = PBXFileReference; name = "BootSplash.storyboard"; path = "mobile/BootSplash.storyboard"; sourceTree = "<group>"; fileEncoding = undefined; lastKnownFileType = unknown; explicitFileType = undefined; includeInIndex = 0; };
		1E1474E979CD44A9AE55A211 /* Colors.xcassets */ = {isa = PBXFileReference; name = "Colors.xcassets"; path = "mobile/Colors.xcassets"; sourceTree = "<group>"; fileEncoding = undefined; lastKnownFileType = folder.assetcatalog; explicitFileType = undefined; includeInIndex = 0; };
		364256800FC444B4B14567FC /* Geologica-Black.ttf */ = {isa = PBXFileReference; name = "Geologica-Black.ttf"; path = "../assets/fonts/geologica/Geologica-Black.ttf"; sourceTree = "<group>"; fileEncoding = undefined; lastKnownFileType = unknown; explicitFileType = undefined; includeInIndex = 0; };
		611010A174F34E0CB9BA126B /* Geologica-Bold.ttf */ = {isa = PBXFileReference; name = "Geologica-Bold.ttf"; path = "../assets/fonts/geologica/Geologica-Bold.ttf"; sourceTree = "<group>"; fileEncoding = undefined; lastKnownFileType = unknown; explicitFileType = undefined; includeInIndex = 0; };
		6D3DE1E9863448C8866E9C1D /* Geologica-ExtraBold.ttf */ = {isa = PBXFileReference; name = "Geologica-ExtraBold.ttf"; path = "../assets/fonts/geologica/Geologica-ExtraBold.ttf"; sourceTree = "<group>"; fileEncoding = undefined; lastKnownFileType = unknown; explicitFileType = undefined; includeInIndex = 0; };
		DD3CC2D3361040A5B59A60C5 /* Geologica-ExtraLight.ttf */ = {isa = PBXFileReference; name = "Geologica-ExtraLight.ttf"; path = "../assets/fonts/geologica/Geologica-ExtraLight.ttf"; sourceTree = "<group>"; fileEncoding = undefined; lastKnownFileType = unknown; explicitFileType = undefined; includeInIndex = 0; };
		AF879DA083374836B105F818 /* Geologica-Light.ttf */ = {isa = PBXFileReference; name = "Geologica-Light.ttf"; path = "../assets/fonts/geologica/Geologica-Light.ttf"; sourceTree = "<group>"; fileEncoding = undefined; lastKnownFileType = unknown; explicitFileType = undefined; includeInIndex = 0; };
		C61F799137414D51A2A6C8AA /* Geologica-Medium.ttf */ = {isa = PBXFileReference; name = "Geologica-Medium.ttf"; path = "../assets/fonts/geologica/Geologica-Medium.ttf"; sourceTree = "<group>"; fileEncoding = undefined; lastKnownFileType = unknown; explicitFileType = undefined; includeInIndex = 0; };
		1E6BE35F6342478080BD340F /* Geologica-Regular.ttf */ = {isa = PBXFileReference; name = "Geologica-Regular.ttf"; path = "../assets/fonts/geologica/Geologica-Regular.ttf"; sourceTree = "<group>"; fileEncoding = undefined; lastKnownFileType = unknown; explicitFileType = undefined; includeInIndex = 0; };
		1302E4D310984813A25EEC9A /* Geologica-SemiBold.ttf */ = {isa = PBXFileReference; name = "Geologica-SemiBold.ttf"; path = "../assets/fonts/geologica/Geologica-SemiBold.ttf"; sourceTree = "<group>"; fileEncoding = undefined; lastKnownFileType = unknown; explicitFileType = undefined; includeInIndex = 0; };
		9613852D113D47DD95C3835F /* Geologica-Thin.ttf */ = {isa = PBXFileReference; name = "Geologica-Thin.ttf"; path = "../assets/fonts/geologica/Geologica-Thin.ttf"; sourceTree = "<group>"; fileEncoding = undefined; lastKnownFileType = unknown; explicitFileType = undefined; includeInIndex = 0; };
		702C5890DAD3489482D1D4A0 /* Geologica_Cursive-Black.ttf */ = {isa = PBXFileReference; name = "Geologica_Cursive-Black.ttf"; path = "../assets/fonts/geologica/Geologica_Cursive-Black.ttf"; sourceTree = "<group>"; fileEncoding = undefined; lastKnownFileType = unknown; explicitFileType = undefined; includeInIndex = 0; };
		9996802EA05D4CFCB101F2DF /* Geologica_Cursive-Bold.ttf */ = {isa = PBXFileReference; name = "Geologica_Cursive-Bold.ttf"; path = "../assets/fonts/geologica/Geologica_Cursive-Bold.ttf"; sourceTree = "<group>"; fileEncoding = undefined; lastKnownFileType = unknown; explicitFileType = undefined; includeInIndex = 0; };
		844ED87B3594498A8E0B2797 /* Geologica_Cursive-ExtraBold.ttf */ = {isa = PBXFileReference; name = "Geologica_Cursive-ExtraBold.ttf"; path = "../assets/fonts/geologica/Geologica_Cursive-ExtraBold.ttf"; sourceTree = "<group>"; fileEncoding = undefined; lastKnownFileType = unknown; explicitFileType = undefined; includeInIndex = 0; };
		5976A14266B74BE280C98378 /* Geologica_Cursive-ExtraLight.ttf */ = {isa = PBXFileReference; name = "Geologica_Cursive-ExtraLight.ttf"; path = "../assets/fonts/geologica/Geologica_Cursive-ExtraLight.ttf"; sourceTree = "<group>"; fileEncoding = undefined; lastKnownFileType = unknown; explicitFileType = undefined; includeInIndex = 0; };
		BF74AE3F3B9C441DAB137C4C /* Geologica_Cursive-Light.ttf */ = {isa = PBXFileReference; name = "Geologica_Cursive-Light.ttf"; path = "../assets/fonts/geologica/Geologica_Cursive-Light.ttf"; sourceTree = "<group>"; fileEncoding = undefined; lastKnownFileType = unknown; explicitFileType = undefined; includeInIndex = 0; };
		B9180B03623A46C6BB5221D0 /* Geologica_Cursive-Medium.ttf */ = {isa = PBXFileReference; name = "Geologica_Cursive-Medium.ttf"; path = "../assets/fonts/geologica/Geologica_Cursive-Medium.ttf"; sourceTree = "<group>"; fileEncoding = undefined; lastKnownFileType = unknown; explicitFileType = undefined; includeInIndex = 0; };
		E716129CF6C44266BB11B5D6 /* Geologica_Cursive-Regular.ttf */ = {isa = PBXFileReference; name = "Geologica_Cursive-Regular.ttf"; path = "../assets/fonts/geologica/Geologica_Cursive-Regular.ttf"; sourceTree = "<group>"; fileEncoding = undefined; lastKnownFileType = unknown; explicitFileType = undefined; includeInIndex = 0; };
		742B4DE6560C4430B9B5EB61 /* Geologica_Cursive-SemiBold.ttf */ = {isa = PBXFileReference; name = "Geologica_Cursive-SemiBold.ttf"; path = "../assets/fonts/geologica/Geologica_Cursive-SemiBold.ttf"; sourceTree = "<group>"; fileEncoding = undefined; lastKnownFileType = unknown; explicitFileType = undefined; includeInIndex = 0; };
		63A12BF63DBC4EBD90A3A8CE /* Geologica_Cursive-Thin.ttf */ = {isa = PBXFileReference; name = "Geologica_Cursive-Thin.ttf"; path = "../assets/fonts/geologica/Geologica_Cursive-Thin.ttf"; sourceTree = "<group>"; fileEncoding = undefined; lastKnownFileType = unknown; explicitFileType = undefined; includeInIndex = 0; };
		7F29BD32EB124F5B97FE272A /* icomoon.ttf */ = {isa = PBXFileReference; name = "icomoon.ttf"; path = "../assets/fonts/icomoon.ttf"; sourceTree = "<group>"; fileEncoding = undefined; lastKnownFileType = unknown; explicitFileType = undefined; includeInIndex = 0; };
/* End PBXFileReference section */

/* Begin PBXFrameworksBuildPhase section */
		13B07F8C1A680F5B00A75B9A /* Frameworks */ = {
			isa = PBXFrameworksBuildPhase;
			buildActionMask = 2147483647;
			files = (
				0C80B921A6F3F58F76C31292 /* libPods-mobile.a in Frameworks */,
			);
			runOnlyForDeploymentPostprocessing = 0;
		};
/* End PBXFrameworksBuildPhase section */

/* Begin PBXGroup section */
		00E356F01AD99517003FC87E /* Supporting Files */ = {
			isa = PBXGroup;
			children = (
				00E356F11AD99517003FC87E /* Info.plist */,
			);
			name = "Supporting Files";
			sourceTree = "<group>";
		};
		13B07FAE1A68108700A75B9A /* mobile */ = {
			isa = PBXGroup;
			children = (
				13B07FB51A68108700A75B9A /* Images.xcassets */,
				761780EC2CA45674006654EE /* AppDelegate.swift */,
				13B07FB61A68108700A75B9A /* Info.plist */,
				81AB9BB72411601600AC10FF /* LaunchScreen.storyboard */,
				13B07FB81A68108700A75B9A /* PrivacyInfo.xcprivacy */,
				FDC999F6D47E4EA4BF9165A9 /* BootSplash.storyboard */,
				1E1474E979CD44A9AE55A211 /* Colors.xcassets */,
			);
			name = mobile;
			sourceTree = "<group>";
		};
		2D16E6871FA4F8E400B85C8A /* Frameworks */ = {
			isa = PBXGroup;
			children = (
				ED297162215061F000B7C4FE /* JavaScriptCore.framework */,
				5DCACB8F33CDC322A6C60F78 /* libPods-mobile.a */,
			);
			name = Frameworks;
			sourceTree = "<group>";
		};
		832341AE1AAA6A7D00B99B32 /* Libraries */ = {
			isa = PBXGroup;
			children = (
			);
			name = Libraries;
			sourceTree = "<group>";
		};
		83CBB9F61A601CBA00E9B192 = {
			isa = PBXGroup;
			children = (
				13B07FAE1A68108700A75B9A /* mobile */,
				832341AE1AAA6A7D00B99B32 /* Libraries */,
				83CBBA001A601CBA00E9B192 /* Products */,
				2D16E6871FA4F8E400B85C8A /* Frameworks */,
				BBD78D7AC51CEA395F1C20DB /* Pods */,
				6E2D5E134EF94EDEB679EA51 /* Resources */,
			);
			indentWidth = 2;
			sourceTree = "<group>";
			tabWidth = 2;
			usesTabs = 0;
		};
		83CBBA001A601CBA00E9B192 /* Products */ = {
			isa = PBXGroup;
			children = (
				13B07F961A680F5B00A75B9A /* mobile.app */,
			);
			name = Products;
			sourceTree = "<group>";
		};
		BBD78D7AC51CEA395F1C20DB /* Pods */ = {
			isa = PBXGroup;
			children = (
				3B4392A12AC88292D35C810B /* Pods-mobile.debug.xcconfig */,
				5709B34CF0A7D63546082F79 /* Pods-mobile.release.xcconfig */,
			);
			path = Pods;
			sourceTree = "<group>";
		};
		6E2D5E134EF94EDEB679EA51 /* Resources */ = {
			isa = "PBXGroup";
			children = (
				364256800FC444B4B14567FC /* Geologica-Black.ttf */,
				611010A174F34E0CB9BA126B /* Geologica-Bold.ttf */,
				6D3DE1E9863448C8866E9C1D /* Geologica-ExtraBold.ttf */,
				DD3CC2D3361040A5B59A60C5 /* Geologica-ExtraLight.ttf */,
				AF879DA083374836B105F818 /* Geologica-Light.ttf */,
				C61F799137414D51A2A6C8AA /* Geologica-Medium.ttf */,
				1E6BE35F6342478080BD340F /* Geologica-Regular.ttf */,
				1302E4D310984813A25EEC9A /* Geologica-SemiBold.ttf */,
				9613852D113D47DD95C3835F /* Geologica-Thin.ttf */,
				702C5890DAD3489482D1D4A0 /* Geologica_Cursive-Black.ttf */,
				9996802EA05D4CFCB101F2DF /* Geologica_Cursive-Bold.ttf */,
				844ED87B3594498A8E0B2797 /* Geologica_Cursive-ExtraBold.ttf */,
				5976A14266B74BE280C98378 /* Geologica_Cursive-ExtraLight.ttf */,
				BF74AE3F3B9C441DAB137C4C /* Geologica_Cursive-Light.ttf */,
				B9180B03623A46C6BB5221D0 /* Geologica_Cursive-Medium.ttf */,
				E716129CF6C44266BB11B5D6 /* Geologica_Cursive-Regular.ttf */,
				742B4DE6560C4430B9B5EB61 /* Geologica_Cursive-SemiBold.ttf */,
				63A12BF63DBC4EBD90A3A8CE /* Geologica_Cursive-Thin.ttf */,
				7F29BD32EB124F5B97FE272A /* icomoon.ttf */,
			);
			name = Resources;
			sourceTree = "<group>";
			path = "";
		};
/* End PBXGroup section */

/* Begin PBXNativeTarget section */
		13B07F861A680F5B00A75B9A /* mobile */ = {
			isa = PBXNativeTarget;
			buildConfigurationList = 13B07F931A680F5B00A75B9A /* Build configuration list for PBXNativeTarget "mobile" */;
			buildPhases = (
				C38B50BA6285516D6DCD4F65 /* [CP] Check Pods Manifest.lock */,
				13B07F871A680F5B00A75B9A /* Sources */,
				13B07F8C1A680F5B00A75B9A /* Frameworks */,
				13B07F8E1A680F5B00A75B9A /* Resources */,
				00DD1BFF1BD5951E006B06BC /* Bundle React Native code and images */,
				00EEFC60759A1932668264C0 /* [CP] Embed Pods Frameworks */,
				E235C05ADACE081382539298 /* [CP] Copy Pods Resources */,
			);
			buildRules = (
			);
			dependencies = (
			);
			name = mobile;
			productName = mobile;
			productReference = 13B07F961A680F5B00A75B9A /* mobile.app */;
			productType = "com.apple.product-type.application";
		};
/* End PBXNativeTarget section */

/* Begin PBXProject section */
		83CBB9F71A601CBA00E9B192 /* Project object */ = {
			isa = PBXProject;
			attributes = {
				LastUpgradeCheck = 1210;
				TargetAttributes = {
					13B07F861A680F5B00A75B9A = {
						LastSwiftMigration = 1120;
					};
				};
			};
			buildConfigurationList = 83CBB9FA1A601CBA00E9B192 /* Build configuration list for PBXProject "mobile" */;
			compatibilityVersion = "Xcode 12.0";
			developmentRegion = en;
			hasScannedForEncodings = 0;
			knownRegions = (
				en,
				Base,
			);
			mainGroup = 83CBB9F61A601CBA00E9B192;
			productRefGroup = 83CBBA001A601CBA00E9B192 /* Products */;
			projectDirPath = "";
			projectRoot = "";
			targets = (
				13B07F861A680F5B00A75B9A /* mobile */,
			);
		};
/* End PBXProject section */

/* Begin PBXResourcesBuildPhase section */
		00E356EC1AD99517003FC87E /* Resources */ = {
			isa = PBXResourcesBuildPhase;
			buildActionMask = 2147483647;
			files = (
			);
			runOnlyForDeploymentPostprocessing = 0;
		};
		13B07F8E1A680F5B00A75B9A /* Resources */ = {
			isa = PBXResourcesBuildPhase;
			buildActionMask = 2147483647;
			files = (
				81AB9BB82411601600AC10FF /* LaunchScreen.storyboard in Resources */,
				13B07FBF1A68108700A75B9A /* Images.xcassets in Resources */,
				9DBB8F08B9C04AAEA943DB0E /* BootSplash.storyboard in Resources */,
				F87AB02DDBC344C58E1548AE /* Colors.xcassets in Resources */,
				B8D985F03B624A7B8BB95916 /* Geologica-Black.ttf in Resources */,
				F492986C2A8141BA8D7DAD9A /* Geologica-Bold.ttf in Resources */,
				1231B82F7ADD44B4A625C47F /* Geologica-ExtraBold.ttf in Resources */,
				F902425895FA49CBBE633011 /* Geologica-ExtraLight.ttf in Resources */,
				475FD733C1FA4CDC884EB0F8 /* Geologica-Light.ttf in Resources */,
				7AFF9349363B46708C48F871 /* Geologica-Medium.ttf in Resources */,
				7887630A67864D219DC0401B /* Geologica-Regular.ttf in Resources */,
				25E1ADCC3D394AD5866D8BEB /* Geologica-SemiBold.ttf in Resources */,
				AE83F85A6B7C4D6C9AF66D37 /* Geologica-Thin.ttf in Resources */,
				2617322F15C1423F92C735AC /* Geologica_Cursive-Black.ttf in Resources */,
				9079DDA4BC5B42A6BAA442E8 /* Geologica_Cursive-Bold.ttf in Resources */,
				7849F413412448E6959D20D4 /* Geologica_Cursive-ExtraBold.ttf in Resources */,
				2F20B026324B4C6480E0FE44 /* Geologica_Cursive-ExtraLight.ttf in Resources */,
				F1685E7869E14D47B6E22E15 /* Geologica_Cursive-Light.ttf in Resources */,
				F8FAB6BD36034DC791DE60ED /* Geologica_Cursive-Medium.ttf in Resources */,
				C712D8DD015F4522A3BF5649 /* Geologica_Cursive-Regular.ttf in Resources */,
				2DC27C4632274538807E4863 /* Geologica_Cursive-SemiBold.ttf in Resources */,
				59F2A80F99794EBEB3B64967 /* Geologica_Cursive-Thin.ttf in Resources */,
				FAD212CCD59E473FAB22B01F /* icomoon.ttf in Resources */,
			);
			runOnlyForDeploymentPostprocessing = 0;
		};
/* End PBXResourcesBuildPhase section */

/* Begin PBXShellScriptBuildPhase section */
		00DD1BFF1BD5951E006B06BC /* Bundle React Native code and images */ = {
			isa = PBXShellScriptBuildPhase;
			buildActionMask = 2147483647;
			files = (
			);
			inputPaths = (
				"$(SRCROOT)/.xcode.env.local",
				"$(SRCROOT)/.xcode.env",
			);
			name = "Bundle React Native code and images";
			outputPaths = (
			);
			runOnlyForDeploymentPostprocessing = 0;
			shellPath = /bin/sh;
			shellScript = "set -e\n\nWITH_ENVIRONMENT=\"$REACT_NATIVE_PATH/scripts/xcode/with-environment.sh\"\nREACT_NATIVE_XCODE=\"$REACT_NATIVE_PATH/scripts/react-native-xcode.sh\"\n\n/bin/sh -c \"$WITH_ENVIRONMENT $REACT_NATIVE_XCODE\"\n";
		};
		00EEFC60759A1932668264C0 /* [CP] Embed Pods Frameworks */ = {
			isa = PBXShellScriptBuildPhase;
			buildActionMask = 2147483647;
			files = (
			);
			inputFileListPaths = (
				"${PODS_ROOT}/Target Support Files/Pods-mobile/Pods-mobile-frameworks-${CONFIGURATION}-input-files.xcfilelist",
			);
			name = "[CP] Embed Pods Frameworks";
			outputFileListPaths = (
				"${PODS_ROOT}/Target Support Files/Pods-mobile/Pods-mobile-frameworks-${CONFIGURATION}-output-files.xcfilelist",
			);
			runOnlyForDeploymentPostprocessing = 0;
			shellPath = /bin/sh;
			shellScript = "\"${PODS_ROOT}/Target Support Files/Pods-mobile/Pods-mobile-frameworks.sh\"\n";
			showEnvVarsInLog = 0;
		};
		C38B50BA6285516D6DCD4F65 /* [CP] Check Pods Manifest.lock */ = {
			isa = PBXShellScriptBuildPhase;
			buildActionMask = 2147483647;
			files = (
			);
			inputFileListPaths = (
			);
			inputPaths = (
				"${PODS_PODFILE_DIR_PATH}/Podfile.lock",
				"${PODS_ROOT}/Manifest.lock",
			);
			name = "[CP] Check Pods Manifest.lock";
			outputFileListPaths = (
			);
			outputPaths = (
				"$(DERIVED_FILE_DIR)/Pods-mobile-checkManifestLockResult.txt",
			);
			runOnlyForDeploymentPostprocessing = 0;
			shellPath = /bin/sh;
			shellScript = "diff \"${PODS_PODFILE_DIR_PATH}/Podfile.lock\" \"${PODS_ROOT}/Manifest.lock\" > /dev/null\nif [ $? != 0 ] ; then\n    # print error to STDERR\n    echo \"error: The sandbox is not in sync with the Podfile.lock. Run 'pod install' or update your CocoaPods installation.\" >&2\n    exit 1\nfi\n# This output is used by Xcode 'outputs' to avoid re-running this script phase.\necho \"SUCCESS\" > \"${SCRIPT_OUTPUT_FILE_0}\"\n";
			showEnvVarsInLog = 0;
		};
		E235C05ADACE081382539298 /* [CP] Copy Pods Resources */ = {
			isa = PBXShellScriptBuildPhase;
			buildActionMask = 2147483647;
			files = (
			);
			inputFileListPaths = (
				"${PODS_ROOT}/Target Support Files/Pods-mobile/Pods-mobile-resources-${CONFIGURATION}-input-files.xcfilelist",
			);
			name = "[CP] Copy Pods Resources";
			outputFileListPaths = (
				"${PODS_ROOT}/Target Support Files/Pods-mobile/Pods-mobile-resources-${CONFIGURATION}-output-files.xcfilelist",
			);
			runOnlyForDeploymentPostprocessing = 0;
			shellPath = /bin/sh;
			shellScript = "\"${PODS_ROOT}/Target Support Files/Pods-mobile/Pods-mobile-resources.sh\"\n";
			showEnvVarsInLog = 0;
		};
/* End PBXShellScriptBuildPhase section */

/* Begin PBXSourcesBuildPhase section */
		13B07F871A680F5B00A75B9A /* Sources */ = {
			isa = PBXSourcesBuildPhase;
			buildActionMask = 2147483647;
			files = (
				761780ED2CA45674006654EE /* AppDelegate.swift in Sources */,
			);
			runOnlyForDeploymentPostprocessing = 0;
		};
/* End PBXSourcesBuildPhase section */

/* Begin PBXTargetDependency section */
		00E356F51AD99517003FC87E /* PBXTargetDependency */ = {
			isa = PBXTargetDependency;
			target = 13B07F861A680F5B00A75B9A /* mobile */;
			targetProxy = 00E356F41AD99517003FC87E /* PBXContainerItemProxy */;
		};
/* End PBXTargetDependency section */

/* Begin XCBuildConfiguration section */
		13B07F941A680F5B00A75B9A /* Debug */ = {
			isa = XCBuildConfiguration;
			baseConfigurationReference = 3B4392A12AC88292D35C810B /* Pods-mobile.debug.xcconfig */;
			buildSettings = {
				ASSETCATALOG_COMPILER_APPICON_NAME = AppIcon;
				CLANG_ENABLE_MODULES = YES;
				CURRENT_PROJECT_VERSION = 1;
				ENABLE_BITCODE = NO;
				INFOPLIST_FILE = mobile/Info.plist;
				IPHONEOS_DEPLOYMENT_TARGET = 15.1;
				LD_RUNPATH_SEARCH_PATHS = (
					"$(inherited)",
					"@executable_path/Frameworks",
				);
				MARKETING_VERSION = 1.0;
				OTHER_LDFLAGS = (
					"$(inherited)",
					"-ObjC",
					"-lc++",
				);
				PRODUCT_BUNDLE_IDENTIFIER = "org.reactjs.native.example.$(PRODUCT_NAME:rfc1034identifier)";
				PRODUCT_NAME = mobile;
				SWIFT_OPTIMIZATION_LEVEL = "-Onone";
				SWIFT_VERSION = 5.0;
				VERSIONING_SYSTEM = "apple-generic";
			};
			name = Debug;
		};
		13B07F951A680F5B00A75B9A /* Release */ = {
			isa = XCBuildConfiguration;
			baseConfigurationReference = 5709B34CF0A7D63546082F79 /* Pods-mobile.release.xcconfig */;
			buildSettings = {
				ASSETCATALOG_COMPILER_APPICON_NAME = AppIcon;
				CLANG_ENABLE_MODULES = YES;
				CURRENT_PROJECT_VERSION = 1;
				INFOPLIST_FILE = mobile/Info.plist;
				IPHONEOS_DEPLOYMENT_TARGET = 15.1;
				LD_RUNPATH_SEARCH_PATHS = (
					"$(inherited)",
					"@executable_path/Frameworks",
				);
				MARKETING_VERSION = 1.0;
				OTHER_LDFLAGS = (
					"$(inherited)",
					"-ObjC",
					"-lc++",
				);
				PRODUCT_BUNDLE_IDENTIFIER = "org.reactjs.native.example.$(PRODUCT_NAME:rfc1034identifier)";
				PRODUCT_NAME = mobile;
				SWIFT_VERSION = 5.0;
				VERSIONING_SYSTEM = "apple-generic";
			};
			name = Release;
		};
		83CBBA201A601CBA00E9B192 /* Debug */ = {
			isa = XCBuildConfiguration;
			buildSettings = {
				ALWAYS_SEARCH_USER_PATHS = NO;
				CLANG_ANALYZER_LOCALIZABILITY_NONLOCALIZED = YES;
				CLANG_CXX_LANGUAGE_STANDARD = "c++20";
				CLANG_CXX_LIBRARY = "libc++";
				CLANG_ENABLE_MODULES = YES;
				CLANG_ENABLE_OBJC_ARC = YES;
				CLANG_WARN_BLOCK_CAPTURE_AUTORELEASING = YES;
				CLANG_WARN_BOOL_CONVERSION = YES;
				CLANG_WARN_COMMA = YES;
				CLANG_WARN_CONSTANT_CONVERSION = YES;
				CLANG_WARN_DEPRECATED_OBJC_IMPLEMENTATIONS = YES;
				CLANG_WARN_DIRECT_OBJC_ISA_USAGE = YES_ERROR;
				CLANG_WARN_EMPTY_BODY = YES;
				CLANG_WARN_ENUM_CONVERSION = YES;
				CLANG_WARN_INFINITE_RECURSION = YES;
				CLANG_WARN_INT_CONVERSION = YES;
				CLANG_WARN_NON_LITERAL_NULL_CONVERSION = YES;
				CLANG_WARN_OBJC_IMPLICIT_RETAIN_SELF = YES;
				CLANG_WARN_OBJC_LITERAL_CONVERSION = YES;
				CLANG_WARN_OBJC_ROOT_CLASS = YES_ERROR;
				CLANG_WARN_QUOTED_INCLUDE_IN_FRAMEWORK_HEADER = YES;
				CLANG_WARN_RANGE_LOOP_ANALYSIS = YES;
				CLANG_WARN_STRICT_PROTOTYPES = YES;
				CLANG_WARN_SUSPICIOUS_MOVE = YES;
				CLANG_WARN_UNREACHABLE_CODE = YES;
				CLANG_WARN__DUPLICATE_METHOD_MATCH = YES;
				"CODE_SIGN_IDENTITY[sdk=iphoneos*]" = "iPhone Developer";
				COPY_PHASE_STRIP = NO;
				ENABLE_STRICT_OBJC_MSGSEND = YES;
				ENABLE_TESTABILITY = YES;
				"EXCLUDED_ARCHS[sdk=iphonesimulator*]" = "";
				GCC_C_LANGUAGE_STANDARD = gnu99;
				GCC_DYNAMIC_NO_PIC = NO;
				GCC_NO_COMMON_BLOCKS = YES;
				GCC_OPTIMIZATION_LEVEL = 0;
				GCC_PREPROCESSOR_DEFINITIONS = (
					"DEBUG=1",
					"$(inherited)",
				);
				GCC_SYMBOLS_PRIVATE_EXTERN = NO;
				GCC_WARN_64_TO_32_BIT_CONVERSION = YES;
				GCC_WARN_ABOUT_RETURN_TYPE = YES_ERROR;
				GCC_WARN_UNDECLARED_SELECTOR = YES;
				GCC_WARN_UNINITIALIZED_AUTOS = YES_AGGRESSIVE;
				GCC_WARN_UNUSED_FUNCTION = YES;
				GCC_WARN_UNUSED_VARIABLE = YES;
				IPHONEOS_DEPLOYMENT_TARGET = 15.1;
				LD_RUNPATH_SEARCH_PATHS = (
					/usr/lib/swift,
					"$(inherited)",
				);
				LIBRARY_SEARCH_PATHS = (
					"\"$(SDKROOT)/usr/lib/swift\"",
					"\"$(TOOLCHAIN_DIR)/usr/lib/swift/$(PLATFORM_NAME)\"",
					"\"$(inherited)\"",
				);
				MTL_ENABLE_DEBUG_INFO = YES;
				ONLY_ACTIVE_ARCH = YES;
				OTHER_CPLUSPLUSFLAGS = (
					"$(OTHER_CFLAGS)",
					"-DFOLLY_NO_CONFIG",
					"-DFOLLY_MOBILE=1",
					"-DFOLLY_USE_LIBCPP=1",
					"-DFOLLY_CFG_NO_COROUTINES=1",
					"-DFOLLY_HAVE_CLOCK_GETTIME=1",
				);
				SDKROOT = iphoneos;
			};
			name = Debug;
		};
		83CBBA211A601CBA00E9B192 /* Release */ = {
			isa = XCBuildConfiguration;
			buildSettings = {
				ALWAYS_SEARCH_USER_PATHS = NO;
				CLANG_ANALYZER_LOCALIZABILITY_NONLOCALIZED = YES;
				CLANG_CXX_LANGUAGE_STANDARD = "c++20";
				CLANG_CXX_LIBRARY = "libc++";
				CLANG_ENABLE_MODULES = YES;
				CLANG_ENABLE_OBJC_ARC = YES;
				CLANG_WARN_BLOCK_CAPTURE_AUTORELEASING = YES;
				CLANG_WARN_BOOL_CONVERSION = YES;
				CLANG_WARN_COMMA = YES;
				CLANG_WARN_CONSTANT_CONVERSION = YES;
				CLANG_WARN_DEPRECATED_OBJC_IMPLEMENTATIONS = YES;
				CLANG_WARN_DIRECT_OBJC_ISA_USAGE = YES_ERROR;
				CLANG_WARN_EMPTY_BODY = YES;
				CLANG_WARN_ENUM_CONVERSION = YES;
				CLANG_WARN_INFINITE_RECURSION = YES;
				CLANG_WARN_INT_CONVERSION = YES;
				CLANG_WARN_NON_LITERAL_NULL_CONVERSION = YES;
				CLANG_WARN_OBJC_IMPLICIT_RETAIN_SELF = YES;
				CLANG_WARN_OBJC_LITERAL_CONVERSION = YES;
				CLANG_WARN_OBJC_ROOT_CLASS = YES_ERROR;
				CLANG_WARN_QUOTED_INCLUDE_IN_FRAMEWORK_HEADER = YES;
				CLANG_WARN_RANGE_LOOP_ANALYSIS = YES;
				CLANG_WARN_STRICT_PROTOTYPES = YES;
				CLANG_WARN_SUSPICIOUS_MOVE = YES;
				CLANG_WARN_UNREACHABLE_CODE = YES;
				CLANG_WARN__DUPLICATE_METHOD_MATCH = YES;
				"CODE_SIGN_IDENTITY[sdk=iphoneos*]" = "iPhone Developer";
				COPY_PHASE_STRIP = YES;
				ENABLE_NS_ASSERTIONS = NO;
				ENABLE_STRICT_OBJC_MSGSEND = YES;
				"EXCLUDED_ARCHS[sdk=iphonesimulator*]" = "";
				GCC_C_LANGUAGE_STANDARD = gnu99;
				GCC_NO_COMMON_BLOCKS = YES;
				GCC_WARN_64_TO_32_BIT_CONVERSION = YES;
				GCC_WARN_ABOUT_RETURN_TYPE = YES_ERROR;
				GCC_WARN_UNDECLARED_SELECTOR = YES;
				GCC_WARN_UNINITIALIZED_AUTOS = YES_AGGRESSIVE;
				GCC_WARN_UNUSED_FUNCTION = YES;
				GCC_WARN_UNUSED_VARIABLE = YES;
				IPHONEOS_DEPLOYMENT_TARGET = 15.1;
				LD_RUNPATH_SEARCH_PATHS = (
					/usr/lib/swift,
					"$(inherited)",
				);
				LIBRARY_SEARCH_PATHS = (
					"\"$(SDKROOT)/usr/lib/swift\"",
					"\"$(TOOLCHAIN_DIR)/usr/lib/swift/$(PLATFORM_NAME)\"",
					"\"$(inherited)\"",
				);
				MTL_ENABLE_DEBUG_INFO = NO;
				OTHER_CPLUSPLUSFLAGS = (
					"$(OTHER_CFLAGS)",
					"-DFOLLY_NO_CONFIG",
					"-DFOLLY_MOBILE=1",
					"-DFOLLY_USE_LIBCPP=1",
					"-DFOLLY_CFG_NO_COROUTINES=1",
					"-DFOLLY_HAVE_CLOCK_GETTIME=1",
				);
				SDKROOT = iphoneos;
				VALIDATE_PRODUCT = YES;
			};
			name = Release;
		};
/* End XCBuildConfiguration section */

/* Begin XCConfigurationList section */
		13B07F931A680F5B00A75B9A /* Build configuration list for PBXNativeTarget "mobile" */ = {
			isa = XCConfigurationList;
			buildConfigurations = (
				13B07F941A680F5B00A75B9A /* Debug */,
				13B07F951A680F5B00A75B9A /* Release */,
			);
			defaultConfigurationIsVisible = 0;
			defaultConfigurationName = Release;
		};
		83CBB9FA1A601CBA00E9B192 /* Build configuration list for PBXProject "mobile" */ = {
			isa = XCConfigurationList;
			buildConfigurations = (
				83CBBA201A601CBA00E9B192 /* Debug */,
				83CBBA211A601CBA00E9B192 /* Release */,
			);
			defaultConfigurationIsVisible = 0;
			defaultConfigurationName = Release;
		};
/* End XCConfigurationList section */
	};
	rootObject = 83CBB9F71A601CBA00E9B192 /* Project object */;
}
